// !$*UTF8*$!
{
	archiveVersion = 1;
	classes = {
	};
	objectVersion = 46;
	objects = {

/* Begin PBXBuildFile section */
		D020A24F1AE86C98003E7715 /* main.m in Sources */ = {isa = PBXBuildFile; fileRef = D020A24E1AE86C98003E7715 /* main.m */; };
		D020A2521AE86C98003E7715 /* AppDelegate.m in Sources */ = {isa = PBXBuildFile; fileRef = D020A2511AE86C98003E7715 /* AppDelegate.m */; };
		D020A2551AE86C98003E7715 /* ViewController.m in Sources */ = {isa = PBXBuildFile; fileRef = D020A2541AE86C98003E7715 /* ViewController.m */; };
		D020A2581AE86C98003E7715 /* Main.storyboard in Resources */ = {isa = PBXBuildFile; fileRef = D020A2561AE86C98003E7715 /* Main.storyboard */; };
		D020A25A1AE86C98003E7715 /* Images.xcassets in Resources */ = {isa = PBXBuildFile; fileRef = D020A2591AE86C98003E7715 /* Images.xcassets */; };
		D020A25D1AE86C98003E7715 /* LaunchScreen.xib in Resources */ = {isa = PBXBuildFile; fileRef = D020A25B1AE86C98003E7715 /* LaunchScreen.xib */; };
		D020A2691AE86C98003E7715 /* Find_That_EmojiTests.m in Sources */ = {isa = PBXBuildFile; fileRef = D020A2681AE86C98003E7715 /* Find_That_EmojiTests.m */; };
		D020A2741AE8736A003E7715 /* Emoji.m in Sources */ = {isa = PBXBuildFile; fileRef = D020A2731AE8736A003E7715 /* Emoji.m */; };
		D020A2761AE87449003E7715 /* Emoji's in Resources */ = {isa = PBXBuildFile; fileRef = D020A2751AE87449003E7715 /* Emoji's */; };
/* End PBXBuildFile section */

/* Begin PBXContainerItemProxy section */
		D020A2631AE86C98003E7715 /* PBXContainerItemProxy */ = {
			isa = PBXContainerItemProxy;
			containerPortal = D020A2411AE86C98003E7715 /* Project object */;
			proxyType = 1;
			remoteGlobalIDString = D020A2481AE86C98003E7715;
			remoteInfo = "Find That Emoji";
		};
/* End PBXContainerItemProxy section */

/* Begin PBXFileReference section */
		D020A2491AE86C98003E7715 /* Find That Emoji.app */ = {isa = PBXFileReference; explicitFileType = wrapper.application; includeInIndex = 0; path = "Find That Emoji.app"; sourceTree = BUILT_PRODUCTS_DIR; };
		D020A24D1AE86C98003E7715 /* Info.plist */ = {isa = PBXFileReference; lastKnownFileType = text.plist.xml; path = Info.plist; sourceTree = "<group>"; };
		D020A24E1AE86C98003E7715 /* main.m */ = {isa = PBXFileReference; lastKnownFileType = sourcecode.c.objc; path = main.m; sourceTree = "<group>"; };
		D020A2501AE86C98003E7715 /* AppDelegate.h */ = {isa = PBXFileReference; lastKnownFileType = sourcecode.c.h; path = AppDelegate.h; sourceTree = "<group>"; };
		D020A2511AE86C98003E7715 /* AppDelegate.m */ = {isa = PBXFileReference; lastKnownFileType = sourcecode.c.objc; path = AppDelegate.m; sourceTree = "<group>"; };
		D020A2531AE86C98003E7715 /* ViewController.h */ = {isa = PBXFileReference; lastKnownFileType = sourcecode.c.h; path = ViewController.h; sourceTree = "<group>"; };
		D020A2541AE86C98003E7715 /* ViewController.m */ = {isa = PBXFileReference; lastKnownFileType = sourcecode.c.objc; path = ViewController.m; sourceTree = "<group>"; };
		D020A2571AE86C98003E7715 /* Base */ = {isa = PBXFileReference; lastKnownFileType = file.storyboard; name = Base; path = Base.lproj/Main.storyboard; sourceTree = "<group>"; };
		D020A2591AE86C98003E7715 /* Images.xcassets */ = {isa = PBXFileReference; lastKnownFileType = folder.assetcatalog; path = Images.xcassets; sourceTree = "<group>"; };
		D020A25C1AE86C98003E7715 /* Base */ = {isa = PBXFileReference; lastKnownFileType = file.xib; name = Base; path = Base.lproj/LaunchScreen.xib; sourceTree = "<group>"; };
		D020A2621AE86C98003E7715 /* Find That EmojiTests.xctest */ = {isa = PBXFileReference; explicitFileType = wrapper.cfbundle; includeInIndex = 0; path = "Find That EmojiTests.xctest"; sourceTree = BUILT_PRODUCTS_DIR; };
		D020A2671AE86C98003E7715 /* Info.plist */ = {isa = PBXFileReference; lastKnownFileType = text.plist.xml; path = Info.plist; sourceTree = "<group>"; };
		D020A2681AE86C98003E7715 /* Find_That_EmojiTests.m */ = {isa = PBXFileReference; lastKnownFileType = sourcecode.c.objc; path = Find_That_EmojiTests.m; sourceTree = "<group>"; };
		D020A2721AE8736A003E7715 /* Emoji.h */ = {isa = PBXFileReference; fileEncoding = 4; lastKnownFileType = sourcecode.c.h; name = Emoji.h; path = ../Emoji.h; sourceTree = "<group>"; };
		D020A2731AE8736A003E7715 /* Emoji.m */ = {isa = PBXFileReference; fileEncoding = 4; lastKnownFileType = sourcecode.c.objc; name = Emoji.m; path = ../Emoji.m; sourceTree = "<group>"; };
		D020A2751AE87449003E7715 /* Emoji's */ = {isa = PBXFileReference; lastKnownFileType = folder; path = "Emoji's"; sourceTree = "<group>"; };
/* End PBXFileReference section */

/* Begin PBXFrameworksBuildPhase section */
		D020A2461AE86C98003E7715 /* Frameworks */ = {
			isa = PBXFrameworksBuildPhase;
			buildActionMask = 2147483647;
			files = (
			);
			runOnlyForDeploymentPostprocessing = 0;
		};
		D020A25F1AE86C98003E7715 /* Frameworks */ = {
			isa = PBXFrameworksBuildPhase;
			buildActionMask = 2147483647;
			files = (
			);
			runOnlyForDeploymentPostprocessing = 0;
		};
/* End PBXFrameworksBuildPhase section */

/* Begin PBXGroup section */
		D020A2401AE86C98003E7715 = {
			isa = PBXGroup;
			children = (
				D020A24B1AE86C98003E7715 /* Find That Emoji */,
				D020A2651AE86C98003E7715 /* Find That EmojiTests */,
				D020A24A1AE86C98003E7715 /* Products */,
			);
			sourceTree = "<group>";
		};
		D020A24A1AE86C98003E7715 /* Products */ = {
			isa = PBXGroup;
			children = (
				D020A2491AE86C98003E7715 /* Find That Emoji.app */,
				D020A2621AE86C98003E7715 /* Find That EmojiTests.xctest */,
			);
			name = Products;
			sourceTree = "<group>";
		};
		D020A24B1AE86C98003E7715 /* Find That Emoji */ = {
			isa = PBXGroup;
			children = (
				D020A2501AE86C98003E7715 /* AppDelegate.h */,
				D020A2511AE86C98003E7715 /* AppDelegate.m */,
				D020A2721AE8736A003E7715 /* Emoji.h */,
				D020A2731AE8736A003E7715 /* Emoji.m */,
				D020A2531AE86C98003E7715 /* ViewController.h */,
				D020A2541AE86C98003E7715 /* ViewController.m */,
				D020A2561AE86C98003E7715 /* Main.storyboard */,
				D020A2591AE86C98003E7715 /* Images.xcassets */,
				D020A25B1AE86C98003E7715 /* LaunchScreen.xib */,
				D020A24C1AE86C98003E7715 /* Supporting Files */,
			);
			path = "Find That Emoji";
			sourceTree = "<group>";
		};
		D020A24C1AE86C98003E7715 /* Supporting Files */ = {
			isa = PBXGroup;
			children = (
				D020A2751AE87449003E7715 /* Emoji's */,
				D020A24D1AE86C98003E7715 /* Info.plist */,
				D020A24E1AE86C98003E7715 /* main.m */,
			);
			name = "Supporting Files";
			sourceTree = "<group>";
		};
		D020A2651AE86C98003E7715 /* Find That EmojiTests */ = {
			isa = PBXGroup;
			children = (
				D020A2681AE86C98003E7715 /* Find_That_EmojiTests.m */,
				D020A2661AE86C98003E7715 /* Supporting Files */,
			);
			path = "Find That EmojiTests";
			sourceTree = "<group>";
		};
		D020A2661AE86C98003E7715 /* Supporting Files */ = {
			isa = PBXGroup;
			children = (
				D020A2671AE86C98003E7715 /* Info.plist */,
			);
			name = "Supporting Files";
			sourceTree = "<group>";
		};
/* End PBXGroup section */

/* Begin PBXNativeTarget section */
		D020A2481AE86C98003E7715 /* Find That Emoji */ = {
			isa = PBXNativeTarget;
			buildConfigurationList = D020A26C1AE86C98003E7715 /* Build configuration list for PBXNativeTarget "Find That Emoji" */;
			buildPhases = (
				D020A2451AE86C98003E7715 /* Sources */,
				D020A2461AE86C98003E7715 /* Frameworks */,
				D020A2471AE86C98003E7715 /* Resources */,
			);
			buildRules = (
			);
			dependencies = (
			);
			name = "Find That Emoji";
			productName = "Find That Emoji";
			productReference = D020A2491AE86C98003E7715 /* Find That Emoji.app */;
			productType = "com.apple.product-type.application";
		};
		D020A2611AE86C98003E7715 /* Find That EmojiTests */ = {
			isa = PBXNativeTarget;
			buildConfigurationList = D020A26F1AE86C98003E7715 /* Build configuration list for PBXNativeTarget "Find That EmojiTests" */;
			buildPhases = (
				D020A25E1AE86C98003E7715 /* Sources */,
				D020A25F1AE86C98003E7715 /* Frameworks */,
				D020A2601AE86C98003E7715 /* Resources */,
			);
			buildRules = (
			);
			dependencies = (
				D020A2641AE86C98003E7715 /* PBXTargetDependency */,
			);
			name = "Find That EmojiTests";
			productName = "Find That EmojiTests";
			productReference = D020A2621AE86C98003E7715 /* Find That EmojiTests.xctest */;
			productType = "com.apple.product-type.bundle.unit-test";
		};
/* End PBXNativeTarget section */

/* Begin PBXProject section */
		D020A2411AE86C98003E7715 /* Project object */ = {
			isa = PBXProject;
			attributes = {
				LastUpgradeCheck = 0630;
				ORGANIZATIONNAME = "Peter Schultz";
				TargetAttributes = {
					D020A2481AE86C98003E7715 = {
						CreatedOnToolsVersion = 6.3;
					};
					D020A2611AE86C98003E7715 = {
						CreatedOnToolsVersion = 6.3;
						TestTargetID = D020A2481AE86C98003E7715;
					};
				};
			};
			buildConfigurationList = D020A2441AE86C98003E7715 /* Build configuration list for PBXProject "Find That Emoji" */;
			compatibilityVersion = "Xcode 3.2";
			developmentRegion = English;
			hasScannedForEncodings = 0;
			knownRegions = (
				en,
				Base,
			);
			mainGroup = D020A2401AE86C98003E7715;
			productRefGroup = D020A24A1AE86C98003E7715 /* Products */;
			projectDirPath = "";
			projectRoot = "";
			targets = (
				D020A2481AE86C98003E7715 /* Find That Emoji */,
				D020A2611AE86C98003E7715 /* Find That EmojiTests */,
			);
		};
/* End PBXProject section */

/* Begin PBXResourcesBuildPhase section */
		D020A2471AE86C98003E7715 /* Resources */ = {
			isa = PBXResourcesBuildPhase;
			buildActionMask = 2147483647;
			files = (
				D020A2581AE86C98003E7715 /* Main.storyboard in Resources */,
				D020A2761AE87449003E7715 /* Emoji's in Resources */,
				D020A25D1AE86C98003E7715 /* LaunchScreen.xib in Resources */,
				D020A25A1AE86C98003E7715 /* Images.xcassets in Resources */,
			);
			runOnlyForDeploymentPostprocessing = 0;
		};
		D020A2601AE86C98003E7715 /* Resources */ = {
			isa = PBXResourcesBuildPhase;
			buildActionMask = 2147483647;
			files = (
			);
			runOnlyForDeploymentPostprocessing = 0;
		};
/* End PBXResourcesBuildPhase section */

/* Begin PBXSourcesBuildPhase section */
		D020A2451AE86C98003E7715 /* Sources */ = {
			isa = PBXSourcesBuildPhase;
			buildActionMask = 2147483647;
			files = (
				D020A2551AE86C98003E7715 /* ViewController.m in Sources */,
				D020A2521AE86C98003E7715 /* AppDelegate.m in Sources */,
				D020A2741AE8736A003E7715 /* Emoji.m in Sources */,
				D020A24F1AE86C98003E7715 /* main.m in Sources */,
			);
			runOnlyForDeploymentPostprocessing = 0;
		};
		D020A25E1AE86C98003E7715 /* Sources */ = {
			isa = PBXSourcesBuildPhase;
			buildActionMask = 2147483647;
			files = (
				D020A2691AE86C98003E7715 /* Find_That_EmojiTests.m in Sources */,
			);
			runOnlyForDeploymentPostprocessing = 0;
		};
/* End PBXSourcesBuildPhase section */

/* Begin PBXTargetDependency section */
		D020A2641AE86C98003E7715 /* PBXTargetDependency */ = {
			isa = PBXTargetDependency;
			target = D020A2481AE86C98003E7715 /* Find That Emoji */;
			targetProxy = D020A2631AE86C98003E7715 /* PBXContainerItemProxy */;
		};
/* End PBXTargetDependency section */

/* Begin PBXVariantGroup section */
		D020A2561AE86C98003E7715 /* Main.storyboard */ = {
			isa = PBXVariantGroup;
			children = (
				D020A2571AE86C98003E7715 /* Base */,
			);
			name = Main.storyboard;
			sourceTree = "<group>";
		};
		D020A25B1AE86C98003E7715 /* LaunchScreen.xib */ = {
			isa = PBXVariantGroup;
			children = (
				D020A25C1AE86C98003E7715 /* Base */,
			);
			name = LaunchScreen.xib;
			sourceTree = "<group>";
		};
/* End PBXVariantGroup section */

/* Begin XCBuildConfiguration section */
		D020A26A1AE86C98003E7715 /* Debug */ = {
			isa = XCBuildConfiguration;
			buildSettings = {
				ALWAYS_SEARCH_USER_PATHS = NO;
				CLANG_CXX_LANGUAGE_STANDARD = "gnu++0x";
				CLANG_CXX_LIBRARY = "libc++";
				CLANG_ENABLE_MODULES = YES;
				CLANG_ENABLE_OBJC_ARC = YES;
				CLANG_WARN_BOOL_CONVERSION = YES;
				CLANG_WARN_CONSTANT_CONVERSION = YES;
				CLANG_WARN_DIRECT_OBJC_ISA_USAGE = YES_ERROR;
				CLANG_WARN_EMPTY_BODY = YES;
				CLANG_WARN_ENUM_CONVERSION = YES;
				CLANG_WARN_INT_CONVERSION = YES;
				CLANG_WARN_OBJC_ROOT_CLASS = YES_ERROR;
				CLANG_WARN_UNREACHABLE_CODE = YES;
				CLANG_WARN__DUPLICATE_METHOD_MATCH = YES;
				"CODE_SIGN_IDENTITY[sdk=iphoneos*]" = "iPhone Developer";
				COPY_PHASE_STRIP = NO;
				DEBUG_INFORMATION_FORMAT = "dwarf-with-dsym";
				ENABLE_STRICT_OBJC_MSGSEND = YES;
				GCC_C_LANGUAGE_STANDARD = gnu99;
				GCC_DYNAMIC_NO_PIC = NO;
				GCC_NO_COMMON_BLOCKS = YES;
				GCC_OPTIMIZATION_LEVEL = 0;
				GCC_PREPROCESSOR_DEFINITIONS = (
					"DEBUG=1",
					"$(inherited)",
				);
				GCC_SYMBOLS_PRIVATE_EXTERN = NO;
				GCC_WARN_64_TO_32_BIT_CONVERSION = YES;
				GCC_WARN_ABOUT_RETURN_TYPE = YES_ERROR;
				GCC_WARN_UNDECLARED_SELECTOR = YES;
				GCC_WARN_UNINITIALIZED_AUTOS = YES_AGGRESSIVE;
				GCC_WARN_UNUSED_FUNCTION = YES;
				GCC_WARN_UNUSED_VARIABLE = YES;
				IPHONEOS_DEPLOYMENT_TARGET = 8.3;
				MTL_ENABLE_DEBUG_INFO = YES;
				ONLY_ACTIVE_ARCH = YES;
				SDKROOT = iphoneos;
			};
			name = Debug;
		};
		D020A26B1AE86C98003E7715 /* Release */ = {
			isa = XCBuildConfiguration;
			buildSettings = {
				ALWAYS_SEARCH_USER_PATHS = NO;
				CLANG_CXX_LANGUAGE_STANDARD = "gnu++0x";
				CLANG_CXX_LIBRARY = "libc++";
				CLANG_ENABLE_MODULES = YES;
				CLANG_ENABLE_OBJC_ARC = YES;
				CLANG_WARN_BOOL_CONVERSION = YES;
				CLANG_WARN_CONSTANT_CONVERSION = YES;
				CLANG_WARN_DIRECT_OBJC_ISA_USAGE = YES_ERROR;
				CLANG_WARN_EMPTY_BODY = YES;
				CLANG_WARN_ENUM_CONVERSION = YES;
				CLANG_WARN_INT_CONVERSION = YES;
				CLANG_WARN_OBJC_ROOT_CLASS = YES_ERROR;
				CLANG_WARN_UNREACHABLE_CODE = YES;
				CLANG_WARN__DUPLICATE_METHOD_MATCH = YES;
				"CODE_SIGN_IDENTITY[sdk=iphoneos*]" = "iPhone Developer";
				COPY_PHASE_STRIP = NO;
				DEBUG_INFORMATION_FORMAT = "dwarf-with-dsym";
				ENABLE_NS_ASSERTIONS = NO;
				ENABLE_STRICT_OBJC_MSGSEND = YES;
				GCC_C_LANGUAGE_STANDARD = gnu99;
				GCC_NO_COMMON_BLOCKS = YES;
				GCC_WARN_64_TO_32_BIT_CONVERSION = YES;
				GCC_WARN_ABOUT_RETURN_TYPE = YES_ERROR;
				GCC_WARN_UNDECLARED_SELECTOR = YES;
				GCC_WARN_UNINITIALIZED_AUTOS = YES_AGGRESSIVE;
				GCC_WARN_UNUSED_FUNCTION = YES;
				GCC_WARN_UNUSED_VARIABLE = YES;
				IPHONEOS_DEPLOYMENT_TARGET = 8.3;
				MTL_ENABLE_DEBUG_INFO = NO;
				SDKROOT = iphoneos;
				VALIDATE_PRODUCT = YES;
			};
			name = Release;
		};
		D020A26D1AE86C98003E7715 /* Debug */ = {
			isa = XCBuildConfiguration;
			buildSettings = {
				ASSETCATALOG_COMPILER_APPICON_NAME = AppIcon;
				INFOPLIST_FILE = "Find That Emoji/Info.plist";
				LD_RUNPATH_SEARCH_PATHS = "$(inherited) @executable_path/Frameworks";
				PRODUCT_NAME = "$(TARGET_NAME)";
			};
			name = Debug;
		};
		D020A26E1AE86C98003E7715 /* Release */ = {
			isa = XCBuildConfiguration;
			buildSettings = {
				ASSETCATALOG_COMPILER_APPICON_NAME = AppIcon;
				INFOPLIST_FILE = "Find That Emoji/Info.plist";
				LD_RUNPATH_SEARCH_PATHS = "$(inherited) @executable_path/Frameworks";
				PRODUCT_NAME = "$(TARGET_NAME)";
			};
			name = Release;
		};
		D020A2701AE86C98003E7715 /* Debug */ = {
			isa = XCBuildConfiguration;
			buildSettings = {
				BUNDLE_LOADER = "$(TEST_HOST)";
				FRAMEWORK_SEARCH_PATHS = (
					"$(SDKROOT)/Developer/Library/Frameworks",
					"$(inherited)",
				);
				GCC_PREPROCESSOR_DEFINITIONS = (
					"DEBUG=1",
					"$(inherited)",
				);
				INFOPLIST_FILE = "Find That EmojiTests/Info.plist";
				LD_RUNPATH_SEARCH_PATHS = "$(inherited) @executable_path/Frameworks @loader_path/Frameworks";
				PRODUCT_NAME = "$(TARGET_NAME)";
				TEST_HOST = "$(BUILT_PRODUCTS_DIR)/Find That Emoji.app/Find That Emoji";
			};
			name = Debug;
		};
		D020A2711AE86C98003E7715 /* Release */ = {
			isa = XCBuildConfiguration;
			buildSettings = {
				BUNDLE_LOADER = "$(TEST_HOST)";
				FRAMEWORK_SEARCH_PATHS = (
					"$(SDKROOT)/Developer/Library/Frameworks",
					"$(inherited)",
				);
				INFOPLIST_FILE = "Find That EmojiTests/Info.plist";
				LD_RUNPATH_SEARCH_PATHS = "$(inherited) @executable_path/Frameworks @loader_path/Frameworks";
				PRODUCT_NAME = "$(TARGET_NAME)";
				TEST_HOST = "$(BUILT_PRODUCTS_DIR)/Find That Emoji.app/Find That Emoji";
			};
			name = Release;
		};
/* End XCBuildConfiguration section */

/* Begin XCConfigurationList section */
		D020A2441AE86C98003E7715 /* Build configuration list for PBXProject "Find That Emoji" */ = {
			isa = XCConfigurationList;
			buildConfigurations = (
				D020A26A1AE86C98003E7715 /* Debug */,
				D020A26B1AE86C98003E7715 /* Release */,
			);
			defaultConfigurationIsVisible = 0;
			defaultConfigurationName = Release;
		};
		D020A26C1AE86C98003E7715 /* Build configuration list for PBXNativeTarget "Find That Emoji" */ = {
			isa = XCConfigurationList;
			buildConfigurations = (
				D020A26D1AE86C98003E7715 /* Debug */,
				D020A26E1AE86C98003E7715 /* Release */,
			);
			defaultConfigurationIsVisible = 0;
		};
		D020A26F1AE86C98003E7715 /* Build configuration list for PBXNativeTarget "Find That EmojiTests" */ = {
			isa = XCConfigurationList;
			buildConfigurations = (
				D020A2701AE86C98003E7715 /* Debug */,
				D020A2711AE86C98003E7715 /* Release */,
			);
			defaultConfigurationIsVisible = 0;
		};
/* End XCConfigurationList section */
	};
	rootObject = D020A2411AE86C98003E7715 /* Project object */;
}
